PODS:
  - InputBarAccessoryView (5.5.0):
    - InputBarAccessoryView/Core (= 5.5.0)
  - InputBarAccessoryView/Core (5.5.0)
  - JGProgressHUD (2.2)
  - MessageKit (3.8.0):
    - InputBarAccessoryView (~> 5.5.0)
  - Realm (10.42.4):
    - Realm/Headers (= 10.42.4)
  - Realm/Headers (10.42.4)
  - RealmSwift (10.42.4):
    - Realm (= 10.42.4)
  - SDWebImage (5.18.3):
    - SDWebImage/Core (= 5.18.3)
  - SDWebImage/Core (5.18.3)

DEPENDENCIES:
  - InputBarAccessoryView
  - JGProgressHUD
  - MessageKit
  - RealmSwift
  - SDWebImage

SPEC REPOS:
  trunk:
    - InputBarAccessoryView
    - JGProgressHUD
    - MessageKit
    - Realm
    - RealmSwift
    - SDWebImage

SPEC CHECKSUMS:
  InputBarAccessoryView: 1d7b0a672b36e370f01f264b3907ef39d03328e3
  JGProgressHUD: d83d7a981b85d11205e19ff8ad5bb9c40571c847
  MessageKit: a1ba0c69ebead94029867853eb44dd05b9b3f453
  Realm: a3a10c2110744ec9510a5fc21a6051818c6181c7
  RealmSwift: d25fa6c3cbb722a698993a501206d9841d79ca32
  SDWebImage: 96e0c18ef14010b7485210e92fac888587ebb958

PODFILE CHECKSUM: 0e8f1a604550d06fb3351379f194b885b0ceb664

COCOAPODS: 1.13.0
