// !$*UTF8*$!
{
	archiveVersion = 1;
	classes = {
	};
	objectVersion = 56;
	objects = {

/* Begin PBXBuildFile section */
		D21777242AE4FD7A004F24FB /* DatabaseManager.swift in Sources */ = {isa = PBXBuildFile; fileRef = D21777232AE4FD7A004F24FB /* DatabaseManager.swift */; };
		D22934B52AE0378A007FC1C1 /* AppDelegate.swift in Sources */ = {isa = PBXBuildFile; fileRef = D22934B42AE0378A007FC1C1 /* AppDelegate.swift */; };
		D22934B72AE0378A007FC1C1 /* SceneDelegate.swift in Sources */ = {isa = PBXBuildFile; fileRef = D22934B62AE0378A007FC1C1 /* SceneDelegate.swift */; };
		D22934B92AE0378A007FC1C1 /* ConversationsViewController.swift in Sources */ = {isa = PBXBuildFile; fileRef = D22934B82AE0378A007FC1C1 /* ConversationsViewController.swift */; };
		D22934BC2AE0378A007FC1C1 /* Main.storyboard in Resources */ = {isa = PBXBuildFile; fileRef = D22934BA2AE0378A007FC1C1 /* Main.storyboard */; };
		D22934BE2AE0378B007FC1C1 /* Assets.xcassets in Resources */ = {isa = PBXBuildFile; fileRef = D22934BD2AE0378B007FC1C1 /* Assets.xcassets */; };
		D22934C12AE0378B007FC1C1 /* LaunchScreen.storyboard in Resources */ = {isa = PBXBuildFile; fileRef = D22934BF2AE0378B007FC1C1 /* LaunchScreen.storyboard */; };
		D22934CF2AE03B12007FC1C1 /* LoginViewController.swift in Sources */ = {isa = PBXBuildFile; fileRef = D22934CE2AE03B12007FC1C1 /* LoginViewController.swift */; };
		D22934D12AE03B21007FC1C1 /* RegisterViewController.swift in Sources */ = {isa = PBXBuildFile; fileRef = D22934D02AE03B21007FC1C1 /* RegisterViewController.swift */; };
		D22934D32AE03B37007FC1C1 /* PhotoViewerViewController.swift in Sources */ = {isa = PBXBuildFile; fileRef = D22934D22AE03B37007FC1C1 /* PhotoViewerViewController.swift */; };
		D22934D52AE03B43007FC1C1 /* VideoPlayerViewController.swift in Sources */ = {isa = PBXBuildFile; fileRef = D22934D42AE03B43007FC1C1 /* VideoPlayerViewController.swift */; };
		D22934D72AE03B62007FC1C1 /* NewConversationViewController.swift in Sources */ = {isa = PBXBuildFile; fileRef = D22934D62AE03B62007FC1C1 /* NewConversationViewController.swift */; };
		D22934D92AE03B6C007FC1C1 /* ProfileViewController.swift in Sources */ = {isa = PBXBuildFile; fileRef = D22934D82AE03B6C007FC1C1 /* ProfileViewController.swift */; };
		D22934DC2AE04AB0007FC1C1 /* Extensions.swift in Sources */ = {isa = PBXBuildFile; fileRef = D22934DB2AE04AB0007FC1C1 /* Extensions.swift */; };
		D24285C62AE5346C004AB125 /* GoogleService-Info.plist in Resources */ = {isa = PBXBuildFile; fileRef = D24285C52AE5346C004AB125 /* GoogleService-Info.plist */; };
		D2634BCA2AE53AC6004D1DFB /* FirebaseAnalytics in Frameworks */ = {isa = PBXBuildFile; productRef = D2634BC92AE53AC6004D1DFB /* FirebaseAnalytics */; };
		D2634BCC2AE53AC6004D1DFB /* FirebaseAnalyticsOnDeviceConversion in Frameworks */ = {isa = PBXBuildFile; productRef = D2634BCB2AE53AC6004D1DFB /* FirebaseAnalyticsOnDeviceConversion */; };
		D2634BCE2AE53AC6004D1DFB /* FirebaseAnalyticsSwift in Frameworks */ = {isa = PBXBuildFile; productRef = D2634BCD2AE53AC6004D1DFB /* FirebaseAnalyticsSwift */; };
		D2634BD02AE53AC6004D1DFB /* FirebaseAnalyticsWithoutAdIdSupport in Frameworks */ = {isa = PBXBuildFile; productRef = D2634BCF2AE53AC6004D1DFB /* FirebaseAnalyticsWithoutAdIdSupport */; };
		D2634BD22AE53AC6004D1DFB /* FirebaseAppCheck in Frameworks */ = {isa = PBXBuildFile; productRef = D2634BD12AE53AC6004D1DFB /* FirebaseAppCheck */; };
		D2634BD42AE53AC6004D1DFB /* FirebaseAppDistribution-Beta in Frameworks */ = {isa = PBXBuildFile; productRef = D2634BD32AE53AC6004D1DFB /* FirebaseAppDistribution-Beta */; };
		D2634BD62AE53AC6004D1DFB /* FirebaseAuth in Frameworks */ = {isa = PBXBuildFile; productRef = D2634BD52AE53AC6004D1DFB /* FirebaseAuth */; };
		D2634BD82AE53AC6004D1DFB /* FirebaseAuthCombine-Community in Frameworks */ = {isa = PBXBuildFile; productRef = D2634BD72AE53AC6004D1DFB /* FirebaseAuthCombine-Community */; };
		D2634BDA2AE53AC6004D1DFB /* FirebaseCrashlytics in Frameworks */ = {isa = PBXBuildFile; productRef = D2634BD92AE53AC6004D1DFB /* FirebaseCrashlytics */; };
		D2634BDC2AE53AC6004D1DFB /* FirebaseDatabase in Frameworks */ = {isa = PBXBuildFile; productRef = D2634BDB2AE53AC6004D1DFB /* FirebaseDatabase */; };
		D2634BDE2AE53AC6004D1DFB /* FirebaseDatabaseSwift in Frameworks */ = {isa = PBXBuildFile; productRef = D2634BDD2AE53AC6004D1DFB /* FirebaseDatabaseSwift */; };
		D2634BE02AE53AC6004D1DFB /* FirebaseDynamicLinks in Frameworks */ = {isa = PBXBuildFile; productRef = D2634BDF2AE53AC6004D1DFB /* FirebaseDynamicLinks */; };
		D2634BE22AE53AC6004D1DFB /* FirebaseFirestore in Frameworks */ = {isa = PBXBuildFile; productRef = D2634BE12AE53AC6004D1DFB /* FirebaseFirestore */; };
		D2634BE42AE53AC6004D1DFB /* FirebaseFirestoreCombine-Community in Frameworks */ = {isa = PBXBuildFile; productRef = D2634BE32AE53AC6004D1DFB /* FirebaseFirestoreCombine-Community */; };
		D2634BE62AE53AC6004D1DFB /* FirebaseFirestoreSwift in Frameworks */ = {isa = PBXBuildFile; productRef = D2634BE52AE53AC6004D1DFB /* FirebaseFirestoreSwift */; };
		D2634BE82AE53AC6004D1DFB /* FirebaseFunctions in Frameworks */ = {isa = PBXBuildFile; productRef = D2634BE72AE53AC6004D1DFB /* FirebaseFunctions */; };
		D2634BEA2AE53AC6004D1DFB /* FirebaseFunctionsCombine-Community in Frameworks */ = {isa = PBXBuildFile; productRef = D2634BE92AE53AC6004D1DFB /* FirebaseFunctionsCombine-Community */; };
		D2634BEC2AE53AC6004D1DFB /* FirebaseInAppMessaging-Beta in Frameworks */ = {isa = PBXBuildFile; productRef = D2634BEB2AE53AC6004D1DFB /* FirebaseInAppMessaging-Beta */; };
		D2634BEE2AE53AC6004D1DFB /* FirebaseInAppMessagingSwift-Beta in Frameworks */ = {isa = PBXBuildFile; productRef = D2634BED2AE53AC6004D1DFB /* FirebaseInAppMessagingSwift-Beta */; };
		D2634BF02AE53AC6004D1DFB /* FirebaseInstallations in Frameworks */ = {isa = PBXBuildFile; productRef = D2634BEF2AE53AC6004D1DFB /* FirebaseInstallations */; };
		D2634BF22AE53AC6004D1DFB /* FirebaseMLModelDownloader in Frameworks */ = {isa = PBXBuildFile; productRef = D2634BF12AE53AC6004D1DFB /* FirebaseMLModelDownloader */; };
		D2634BF42AE53AC6004D1DFB /* FirebaseMessaging in Frameworks */ = {isa = PBXBuildFile; productRef = D2634BF32AE53AC6004D1DFB /* FirebaseMessaging */; };
		D2634BF62AE53AC6004D1DFB /* FirebasePerformance in Frameworks */ = {isa = PBXBuildFile; productRef = D2634BF52AE53AC6004D1DFB /* FirebasePerformance */; };
		D2634BF82AE53AC6004D1DFB /* FirebaseRemoteConfig in Frameworks */ = {isa = PBXBuildFile; productRef = D2634BF72AE53AC6004D1DFB /* FirebaseRemoteConfig */; };
		D2634BFA2AE53AC6004D1DFB /* FirebaseRemoteConfigSwift in Frameworks */ = {isa = PBXBuildFile; productRef = D2634BF92AE53AC6004D1DFB /* FirebaseRemoteConfigSwift */; };
		D2634BFC2AE53AC6004D1DFB /* FirebaseStorage in Frameworks */ = {isa = PBXBuildFile; productRef = D2634BFB2AE53AC6004D1DFB /* FirebaseStorage */; };
		D2634BFE2AE53AC6004D1DFB /* FirebaseStorageCombine-Community in Frameworks */ = {isa = PBXBuildFile; productRef = D2634BFD2AE53AC6004D1DFB /* FirebaseStorageCombine-Community */; };
		D2634C012AE53B1A004D1DFB /* GoogleSignIn in Frameworks */ = {isa = PBXBuildFile; productRef = D2634C002AE53B1A004D1DFB /* GoogleSignIn */; };
		D2634C032AE53B1A004D1DFB /* GoogleSignInSwift in Frameworks */ = {isa = PBXBuildFile; productRef = D2634C022AE53B1A004D1DFB /* GoogleSignInSwift */; };
		D2C7EF5B2AE64D4200B216FB /* ChatViewController.swift in Sources */ = {isa = PBXBuildFile; fileRef = D2C7EF5A2AE64D4200B216FB /* ChatViewController.swift */; };
		EC8509719EBC8DB1D9149E0B /* Pods_MessageHive.framework in Frameworks */ = {isa = PBXBuildFile; fileRef = 4412B663C3D9966BA6806363 /* Pods_MessageHive.framework */; };
/* End PBXBuildFile section */

/* Begin PBXFileReference section */
		230BE3696265EED062076E74 /* Pods-MessageHive.release.xcconfig */ = {isa = PBXFileReference; includeInIndex = 1; lastKnownFileType = text.xcconfig; name = "Pods-MessageHive.release.xcconfig"; path = "Target Support Files/Pods-MessageHive/Pods-MessageHive.release.xcconfig"; sourceTree = "<group>"; };
		4412B663C3D9966BA6806363 /* Pods_MessageHive.framework */ = {isa = PBXFileReference; explicitFileType = wrapper.framework; includeInIndex = 0; path = Pods_MessageHive.framework; sourceTree = BUILT_PRODUCTS_DIR; };
		AC43A9EB5FD5200AEC66055D /* Pods-MessageHive.debug.xcconfig */ = {isa = PBXFileReference; includeInIndex = 1; lastKnownFileType = text.xcconfig; name = "Pods-MessageHive.debug.xcconfig"; path = "Target Support Files/Pods-MessageHive/Pods-MessageHive.debug.xcconfig"; sourceTree = "<group>"; };
		D21777232AE4FD7A004F24FB /* DatabaseManager.swift */ = {isa = PBXFileReference; lastKnownFileType = sourcecode.swift; path = DatabaseManager.swift; sourceTree = "<group>"; };
		D22934B12AE0378A007FC1C1 /* MessageHive.app */ = {isa = PBXFileReference; explicitFileType = wrapper.application; includeInIndex = 0; path = MessageHive.app; sourceTree = BUILT_PRODUCTS_DIR; };
		D22934B42AE0378A007FC1C1 /* AppDelegate.swift */ = {isa = PBXFileReference; lastKnownFileType = sourcecode.swift; path = AppDelegate.swift; sourceTree = "<group>"; };
		D22934B62AE0378A007FC1C1 /* SceneDelegate.swift */ = {isa = PBXFileReference; lastKnownFileType = sourcecode.swift; path = SceneDelegate.swift; sourceTree = "<group>"; };
		D22934B82AE0378A007FC1C1 /* ConversationsViewController.swift */ = {isa = PBXFileReference; lastKnownFileType = sourcecode.swift; path = ConversationsViewController.swift; sourceTree = "<group>"; };
		D22934BB2AE0378A007FC1C1 /* Base */ = {isa = PBXFileReference; lastKnownFileType = file.storyboard; name = Base; path = Base.lproj/Main.storyboard; sourceTree = "<group>"; };
		D22934BD2AE0378B007FC1C1 /* Assets.xcassets */ = {isa = PBXFileReference; lastKnownFileType = folder.assetcatalog; path = Assets.xcassets; sourceTree = "<group>"; };
		D22934C02AE0378B007FC1C1 /* Base */ = {isa = PBXFileReference; lastKnownFileType = file.storyboard; name = Base; path = Base.lproj/LaunchScreen.storyboard; sourceTree = "<group>"; };
		D22934C22AE0378B007FC1C1 /* Info.plist */ = {isa = PBXFileReference; lastKnownFileType = text.plist.xml; path = Info.plist; sourceTree = "<group>"; };
		D22934CE2AE03B12007FC1C1 /* LoginViewController.swift */ = {isa = PBXFileReference; lastKnownFileType = sourcecode.swift; path = LoginViewController.swift; sourceTree = "<group>"; };
		D22934D02AE03B21007FC1C1 /* RegisterViewController.swift */ = {isa = PBXFileReference; lastKnownFileType = sourcecode.swift; path = RegisterViewController.swift; sourceTree = "<group>"; };
		D22934D22AE03B37007FC1C1 /* PhotoViewerViewController.swift */ = {isa = PBXFileReference; lastKnownFileType = sourcecode.swift; path = PhotoViewerViewController.swift; sourceTree = "<group>"; };
		D22934D42AE03B43007FC1C1 /* VideoPlayerViewController.swift */ = {isa = PBXFileReference; lastKnownFileType = sourcecode.swift; path = VideoPlayerViewController.swift; sourceTree = "<group>"; };
		D22934D62AE03B62007FC1C1 /* NewConversationViewController.swift */ = {isa = PBXFileReference; lastKnownFileType = sourcecode.swift; path = NewConversationViewController.swift; sourceTree = "<group>"; };
		D22934D82AE03B6C007FC1C1 /* ProfileViewController.swift */ = {isa = PBXFileReference; lastKnownFileType = sourcecode.swift; path = ProfileViewController.swift; sourceTree = "<group>"; };
		D22934DB2AE04AB0007FC1C1 /* Extensions.swift */ = {isa = PBXFileReference; lastKnownFileType = sourcecode.swift; path = Extensions.swift; sourceTree = "<group>"; };
		D24285C52AE5346C004AB125 /* GoogleService-Info.plist */ = {isa = PBXFileReference; fileEncoding = 4; lastKnownFileType = text.plist.xml; path = "GoogleService-Info.plist"; sourceTree = "<group>"; };
		D2C7EF5A2AE64D4200B216FB /* ChatViewController.swift */ = {isa = PBXFileReference; lastKnownFileType = sourcecode.swift; path = ChatViewController.swift; sourceTree = "<group>"; };
/* End PBXFileReference section */

/* Begin PBXFrameworksBuildPhase section */
		D22934AE2AE03789007FC1C1 /* Frameworks */ = {
			isa = PBXFrameworksBuildPhase;
			buildActionMask = 2147483647;
			files = (
				D2634BE82AE53AC6004D1DFB /* FirebaseFunctions in Frameworks */,
				D2634BDE2AE53AC6004D1DFB /* FirebaseDatabaseSwift in Frameworks */,
				D2634BEE2AE53AC6004D1DFB /* FirebaseInAppMessagingSwift-Beta in Frameworks */,
				D2634BF42AE53AC6004D1DFB /* FirebaseMessaging in Frameworks */,
				D2634BD42AE53AC6004D1DFB /* FirebaseAppDistribution-Beta in Frameworks */,
				D2634BD82AE53AC6004D1DFB /* FirebaseAuthCombine-Community in Frameworks */,
				D2634BE42AE53AC6004D1DFB /* FirebaseFirestoreCombine-Community in Frameworks */,
				D2634BCE2AE53AC6004D1DFB /* FirebaseAnalyticsSwift in Frameworks */,
				D2634BF22AE53AC6004D1DFB /* FirebaseMLModelDownloader in Frameworks */,
				D2634C012AE53B1A004D1DFB /* GoogleSignIn in Frameworks */,
				D2634BD02AE53AC6004D1DFB /* FirebaseAnalyticsWithoutAdIdSupport in Frameworks */,
				D2634BCA2AE53AC6004D1DFB /* FirebaseAnalytics in Frameworks */,
				D2634BE62AE53AC6004D1DFB /* FirebaseFirestoreSwift in Frameworks */,
				D2634BCC2AE53AC6004D1DFB /* FirebaseAnalyticsOnDeviceConversion in Frameworks */,
				D2634BD22AE53AC6004D1DFB /* FirebaseAppCheck in Frameworks */,
				D2634C032AE53B1A004D1DFB /* GoogleSignInSwift in Frameworks */,
				D2634BF62AE53AC6004D1DFB /* FirebasePerformance in Frameworks */,
				D2634BEC2AE53AC6004D1DFB /* FirebaseInAppMessaging-Beta in Frameworks */,
				D2634BEA2AE53AC6004D1DFB /* FirebaseFunctionsCombine-Community in Frameworks */,
				D2634BDA2AE53AC6004D1DFB /* FirebaseCrashlytics in Frameworks */,
				D2634BF02AE53AC6004D1DFB /* FirebaseInstallations in Frameworks */,
				D2634BF82AE53AC6004D1DFB /* FirebaseRemoteConfig in Frameworks */,
				D2634BFC2AE53AC6004D1DFB /* FirebaseStorage in Frameworks */,
				D2634BDC2AE53AC6004D1DFB /* FirebaseDatabase in Frameworks */,
				D2634BFE2AE53AC6004D1DFB /* FirebaseStorageCombine-Community in Frameworks */,
				EC8509719EBC8DB1D9149E0B /* Pods_MessageHive.framework in Frameworks */,
				D2634BD62AE53AC6004D1DFB /* FirebaseAuth in Frameworks */,
				D2634BE02AE53AC6004D1DFB /* FirebaseDynamicLinks in Frameworks */,
				D2634BE22AE53AC6004D1DFB /* FirebaseFirestore in Frameworks */,
				D2634BFA2AE53AC6004D1DFB /* FirebaseRemoteConfigSwift in Frameworks */,
			);
			runOnlyForDeploymentPostprocessing = 0;
		};
/* End PBXFrameworksBuildPhase section */

/* Begin PBXGroup section */
		25D926710571E269FBA2427C /* Pods */ = {
			isa = PBXGroup;
			children = (
				AC43A9EB5FD5200AEC66055D /* Pods-MessageHive.debug.xcconfig */,
				230BE3696265EED062076E74 /* Pods-MessageHive.release.xcconfig */,
			);
			path = Pods;
			sourceTree = "<group>";
		};
		5FBEFCA425BDDCA3B21F1C32 /* Frameworks */ = {
			isa = PBXGroup;
			children = (
				4412B663C3D9966BA6806363 /* Pods_MessageHive.framework */,
			);
			name = Frameworks;
			sourceTree = "<group>";
		};
		D22934A82AE03789007FC1C1 = {
			isa = PBXGroup;
			children = (
				D22934B32AE0378A007FC1C1 /* MessageHive */,
				D22934B22AE0378A007FC1C1 /* Products */,
				25D926710571E269FBA2427C /* Pods */,
				5FBEFCA425BDDCA3B21F1C32 /* Frameworks */,
			);
			sourceTree = "<group>";
		};
		D22934B22AE0378A007FC1C1 /* Products */ = {
			isa = PBXGroup;
			children = (
				D22934B12AE0378A007FC1C1 /* MessageHive.app */,
			);
			name = Products;
			sourceTree = "<group>";
		};
		D22934B32AE0378A007FC1C1 /* MessageHive */ = {
			isa = PBXGroup;
			children = (
				D24285C52AE5346C004AB125 /* GoogleService-Info.plist */,
				D22934C82AE039F7007FC1C1 /* Resources */,
				D22934C92AE03A1E007FC1C1 /* Models */,
				D22934CA2AE03A26007FC1C1 /* ViewModels */,
				D22934CB2AE03A31007FC1C1 /* View */,
				D22934CD2AE03A5F007FC1C1 /* Controllers */,
				D22934C22AE0378B007FC1C1 /* Info.plist */,
			);
			path = MessageHive;
			sourceTree = "<group>";
		};
		D22934C82AE039F7007FC1C1 /* Resources */ = {
			isa = PBXGroup;
			children = (
				D22934B42AE0378A007FC1C1 /* AppDelegate.swift */,
				D22934B62AE0378A007FC1C1 /* SceneDelegate.swift */,
				D22934BD2AE0378B007FC1C1 /* Assets.xcassets */,
				D22934DB2AE04AB0007FC1C1 /* Extensions.swift */,
				D21777232AE4FD7A004F24FB /* DatabaseManager.swift */,
			);
			path = Resources;
			sourceTree = "<group>";
		};
		D22934C92AE03A1E007FC1C1 /* Models */ = {
			isa = PBXGroup;
			children = (
			);
			path = Models;
			sourceTree = "<group>";
		};
		D22934CA2AE03A26007FC1C1 /* ViewModels */ = {
			isa = PBXGroup;
			children = (
			);
			path = ViewModels;
			sourceTree = "<group>";
		};
		D22934CB2AE03A31007FC1C1 /* View */ = {
			isa = PBXGroup;
			children = (
				D22934CC2AE03A3E007FC1C1 /* Storyboard */,
			);
			path = View;
			sourceTree = "<group>";
		};
		D22934CC2AE03A3E007FC1C1 /* Storyboard */ = {
			isa = PBXGroup;
			children = (
				D22934BA2AE0378A007FC1C1 /* Main.storyboard */,
				D22934BF2AE0378B007FC1C1 /* LaunchScreen.storyboard */,
			);
			path = Storyboard;
			sourceTree = "<group>";
		};
		D22934CD2AE03A5F007FC1C1 /* Controllers */ = {
			isa = PBXGroup;
			children = (
				D22934DA2AE03C75007FC1C1 /* Login */,
				D22934B82AE0378A007FC1C1 /* ConversationsViewController.swift */,
				D22934D22AE03B37007FC1C1 /* PhotoViewerViewController.swift */,
				D22934D42AE03B43007FC1C1 /* VideoPlayerViewController.swift */,
				D22934D62AE03B62007FC1C1 /* NewConversationViewController.swift */,
				D22934D82AE03B6C007FC1C1 /* ProfileViewController.swift */,
				D2C7EF5A2AE64D4200B216FB /* ChatViewController.swift */,
			);
			path = Controllers;
			sourceTree = "<group>";
		};
		D22934DA2AE03C75007FC1C1 /* Login */ = {
			isa = PBXGroup;
			children = (
				D22934CE2AE03B12007FC1C1 /* LoginViewController.swift */,
				D22934D02AE03B21007FC1C1 /* RegisterViewController.swift */,
			);
			path = Login;
			sourceTree = "<group>";
		};
/* End PBXGroup section */

/* Begin PBXNativeTarget section */
		D22934B02AE03789007FC1C1 /* MessageHive */ = {
			isa = PBXNativeTarget;
			buildConfigurationList = D22934C52AE0378B007FC1C1 /* Build configuration list for PBXNativeTarget "MessageHive" */;
			buildPhases = (
				81204866432CBB04EED84820 /* [CP] Check Pods Manifest.lock */,
				D22934AD2AE03789007FC1C1 /* Sources */,
				D22934AE2AE03789007FC1C1 /* Frameworks */,
				D22934AF2AE03789007FC1C1 /* Resources */,
				1120F5997C1B86AFEA6705FB /* [CP] Embed Pods Frameworks */,
			);
			buildRules = (
			);
			dependencies = (
			);
			name = MessageHive;
			packageProductDependencies = (
				D2634BC92AE53AC6004D1DFB /* FirebaseAnalytics */,
				D2634BCB2AE53AC6004D1DFB /* FirebaseAnalyticsOnDeviceConversion */,
				D2634BCD2AE53AC6004D1DFB /* FirebaseAnalyticsSwift */,
				D2634BCF2AE53AC6004D1DFB /* FirebaseAnalyticsWithoutAdIdSupport */,
				D2634BD12AE53AC6004D1DFB /* FirebaseAppCheck */,
				D2634BD32AE53AC6004D1DFB /* FirebaseAppDistribution-Beta */,
				D2634BD52AE53AC6004D1DFB /* FirebaseAuth */,
				D2634BD72AE53AC6004D1DFB /* FirebaseAuthCombine-Community */,
				D2634BD92AE53AC6004D1DFB /* FirebaseCrashlytics */,
				D2634BDB2AE53AC6004D1DFB /* FirebaseDatabase */,
				D2634BDD2AE53AC6004D1DFB /* FirebaseDatabaseSwift */,
				D2634BDF2AE53AC6004D1DFB /* FirebaseDynamicLinks */,
				D2634BE12AE53AC6004D1DFB /* FirebaseFirestore */,
				D2634BE32AE53AC6004D1DFB /* FirebaseFirestoreCombine-Community */,
				D2634BE52AE53AC6004D1DFB /* FirebaseFirestoreSwift */,
				D2634BE72AE53AC6004D1DFB /* FirebaseFunctions */,
				D2634BE92AE53AC6004D1DFB /* FirebaseFunctionsCombine-Community */,
				D2634BEB2AE53AC6004D1DFB /* FirebaseInAppMessaging-Beta */,
				D2634BED2AE53AC6004D1DFB /* FirebaseInAppMessagingSwift-Beta */,
				D2634BEF2AE53AC6004D1DFB /* FirebaseInstallations */,
				D2634BF12AE53AC6004D1DFB /* FirebaseMLModelDownloader */,
				D2634BF32AE53AC6004D1DFB /* FirebaseMessaging */,
				D2634BF52AE53AC6004D1DFB /* FirebasePerformance */,
				D2634BF72AE53AC6004D1DFB /* FirebaseRemoteConfig */,
				D2634BF92AE53AC6004D1DFB /* FirebaseRemoteConfigSwift */,
				D2634BFB2AE53AC6004D1DFB /* FirebaseStorage */,
				D2634BFD2AE53AC6004D1DFB /* FirebaseStorageCombine-Community */,
				D2634C002AE53B1A004D1DFB /* GoogleSignIn */,
				D2634C022AE53B1A004D1DFB /* GoogleSignInSwift */,
			);
			productName = MessageHive;
			productReference = D22934B12AE0378A007FC1C1 /* MessageHive.app */;
			productType = "com.apple.product-type.application";
		};
/* End PBXNativeTarget section */

/* Begin PBXProject section */
		D22934A92AE03789007FC1C1 /* Project object */ = {
			isa = PBXProject;
			attributes = {
				BuildIndependentTargetsInParallel = 1;
				LastSwiftUpdateCheck = 1500;
				LastUpgradeCheck = 1500;
				TargetAttributes = {
					D22934B02AE03789007FC1C1 = {
						CreatedOnToolsVersion = 15.0;
					};
				};
			};
			buildConfigurationList = D22934AC2AE03789007FC1C1 /* Build configuration list for PBXProject "MessageHive" */;
			compatibilityVersion = "Xcode 14.0";
			developmentRegion = en;
			hasScannedForEncodings = 0;
			knownRegions = (
				en,
				Base,
			);
			mainGroup = D22934A82AE03789007FC1C1;
			packageReferences = (
				D2634BC82AE53AC6004D1DFB /* XCRemoteSwiftPackageReference "firebase-ios-sdk" */,
				D2634BFF2AE53B1A004D1DFB /* XCRemoteSwiftPackageReference "GoogleSignIn-iOS" */,
			);
			productRefGroup = D22934B22AE0378A007FC1C1 /* Products */;
			projectDirPath = "";
			projectRoot = "";
			targets = (
				D22934B02AE03789007FC1C1 /* MessageHive */,
			);
		};
/* End PBXProject section */

/* Begin PBXResourcesBuildPhase section */
		D22934AF2AE03789007FC1C1 /* Resources */ = {
			isa = PBXResourcesBuildPhase;
			buildActionMask = 2147483647;
			files = (
				D22934C12AE0378B007FC1C1 /* LaunchScreen.storyboard in Resources */,
				D22934BE2AE0378B007FC1C1 /* Assets.xcassets in Resources */,
				D22934BC2AE0378A007FC1C1 /* Main.storyboard in Resources */,
				D24285C62AE5346C004AB125 /* GoogleService-Info.plist in Resources */,
			);
			runOnlyForDeploymentPostprocessing = 0;
		};
/* End PBXResourcesBuildPhase section */

/* Begin PBXShellScriptBuildPhase section */
		1120F5997C1B86AFEA6705FB /* [CP] Embed Pods Frameworks */ = {
			isa = PBXShellScriptBuildPhase;
			buildActionMask = 2147483647;
			files = (
			);
			inputFileListPaths = (
				"${PODS_ROOT}/Target Support Files/Pods-MessageHive/Pods-MessageHive-frameworks-${CONFIGURATION}-input-files.xcfilelist",
			);
			name = "[CP] Embed Pods Frameworks";
			outputFileListPaths = (
				"${PODS_ROOT}/Target Support Files/Pods-MessageHive/Pods-MessageHive-frameworks-${CONFIGURATION}-output-files.xcfilelist",
			);
			runOnlyForDeploymentPostprocessing = 0;
			shellPath = /bin/sh;
			shellScript = "\"${PODS_ROOT}/Target Support Files/Pods-MessageHive/Pods-MessageHive-frameworks.sh\"\n";
			showEnvVarsInLog = 0;
		};
		81204866432CBB04EED84820 /* [CP] Check Pods Manifest.lock */ = {
			isa = PBXShellScriptBuildPhase;
			buildActionMask = 2147483647;
			files = (
			);
			inputFileListPaths = (
			);
			inputPaths = (
				"${PODS_PODFILE_DIR_PATH}/Podfile.lock",
				"${PODS_ROOT}/Manifest.lock",
			);
			name = "[CP] Check Pods Manifest.lock";
			outputFileListPaths = (
			);
			outputPaths = (
				"$(DERIVED_FILE_DIR)/Pods-MessageHive-checkManifestLockResult.txt",
			);
			runOnlyForDeploymentPostprocessing = 0;
			shellPath = /bin/sh;
			shellScript = "diff \"${PODS_PODFILE_DIR_PATH}/Podfile.lock\" \"${PODS_ROOT}/Manifest.lock\" > /dev/null\nif [ $? != 0 ] ; then\n    # print error to STDERR\n    echo \"error: The sandbox is not in sync with the Podfile.lock. Run 'pod install' or update your CocoaPods installation.\" >&2\n    exit 1\nfi\n# This output is used by Xcode 'outputs' to avoid re-running this script phase.\necho \"SUCCESS\" > \"${SCRIPT_OUTPUT_FILE_0}\"\n";
			showEnvVarsInLog = 0;
		};
/* End PBXShellScriptBuildPhase section */

/* Begin PBXSourcesBuildPhase section */
		D22934AD2AE03789007FC1C1 /* Sources */ = {
			isa = PBXSourcesBuildPhase;
			buildActionMask = 2147483647;
			files = (
				D22934CF2AE03B12007FC1C1 /* LoginViewController.swift in Sources */,
				D21777242AE4FD7A004F24FB /* DatabaseManager.swift in Sources */,
				D22934D12AE03B21007FC1C1 /* RegisterViewController.swift in Sources */,
				D22934D72AE03B62007FC1C1 /* NewConversationViewController.swift in Sources */,
				D22934B92AE0378A007FC1C1 /* ConversationsViewController.swift in Sources */,
				D22934D52AE03B43007FC1C1 /* VideoPlayerViewController.swift in Sources */,
				D22934DC2AE04AB0007FC1C1 /* Extensions.swift in Sources */,
				D22934B52AE0378A007FC1C1 /* AppDelegate.swift in Sources */,
				D22934D92AE03B6C007FC1C1 /* ProfileViewController.swift in Sources */,
				D22934B72AE0378A007FC1C1 /* SceneDelegate.swift in Sources */,
				D2C7EF5B2AE64D4200B216FB /* ChatViewController.swift in Sources */,
				D22934D32AE03B37007FC1C1 /* PhotoViewerViewController.swift in Sources */,
			);
			runOnlyForDeploymentPostprocessing = 0;
		};
/* End PBXSourcesBuildPhase section */

/* Begin PBXVariantGroup section */
		D22934BA2AE0378A007FC1C1 /* Main.storyboard */ = {
			isa = PBXVariantGroup;
			children = (
				D22934BB2AE0378A007FC1C1 /* Base */,
			);
			name = Main.storyboard;
			sourceTree = "<group>";
		};
		D22934BF2AE0378B007FC1C1 /* LaunchScreen.storyboard */ = {
			isa = PBXVariantGroup;
			children = (
				D22934C02AE0378B007FC1C1 /* Base */,
			);
			name = LaunchScreen.storyboard;
			sourceTree = "<group>";
		};
/* End PBXVariantGroup section */

/* Begin XCBuildConfiguration section */
		D22934C32AE0378B007FC1C1 /* Debug */ = {
			isa = XCBuildConfiguration;
			buildSettings = {
				ALWAYS_SEARCH_USER_PATHS = NO;
				ASSETCATALOG_COMPILER_GENERATE_SWIFT_ASSET_SYMBOL_EXTENSIONS = YES;
				CLANG_ANALYZER_NONNULL = YES;
				CLANG_ANALYZER_NUMBER_OBJECT_CONVERSION = YES_AGGRESSIVE;
				CLANG_CXX_LANGUAGE_STANDARD = "gnu++20";
				CLANG_ENABLE_MODULES = YES;
				CLANG_ENABLE_OBJC_ARC = YES;
				CLANG_ENABLE_OBJC_WEAK = YES;
				CLANG_WARN_BLOCK_CAPTURE_AUTORELEASING = YES;
				CLANG_WARN_BOOL_CONVERSION = YES;
				CLANG_WARN_COMMA = YES;
				CLANG_WARN_CONSTANT_CONVERSION = YES;
				CLANG_WARN_DEPRECATED_OBJC_IMPLEMENTATIONS = YES;
				CLANG_WARN_DIRECT_OBJC_ISA_USAGE = YES_ERROR;
				CLANG_WARN_DOCUMENTATION_COMMENTS = YES;
				CLANG_WARN_EMPTY_BODY = YES;
				CLANG_WARN_ENUM_CONVERSION = YES;
				CLANG_WARN_INFINITE_RECURSION = YES;
				CLANG_WARN_INT_CONVERSION = YES;
				CLANG_WARN_NON_LITERAL_NULL_CONVERSION = YES;
				CLANG_WARN_OBJC_IMPLICIT_RETAIN_SELF = YES;
				CLANG_WARN_OBJC_LITERAL_CONVERSION = YES;
				CLANG_WARN_OBJC_ROOT_CLASS = YES_ERROR;
				CLANG_WARN_QUOTED_INCLUDE_IN_FRAMEWORK_HEADER = YES;
				CLANG_WARN_RANGE_LOOP_ANALYSIS = YES;
				CLANG_WARN_STRICT_PROTOTYPES = YES;
				CLANG_WARN_SUSPICIOUS_MOVE = YES;
				CLANG_WARN_UNGUARDED_AVAILABILITY = YES_AGGRESSIVE;
				CLANG_WARN_UNREACHABLE_CODE = YES;
				CLANG_WARN__DUPLICATE_METHOD_MATCH = YES;
				COPY_PHASE_STRIP = NO;
				DEBUG_INFORMATION_FORMAT = dwarf;
				ENABLE_STRICT_OBJC_MSGSEND = YES;
				ENABLE_TESTABILITY = YES;
				ENABLE_USER_SCRIPT_SANDBOXING = YES;
				GCC_C_LANGUAGE_STANDARD = gnu17;
				GCC_DYNAMIC_NO_PIC = NO;
				GCC_NO_COMMON_BLOCKS = YES;
				GCC_OPTIMIZATION_LEVEL = 0;
				GCC_PREPROCESSOR_DEFINITIONS = (
					"DEBUG=1",
					"$(inherited)",
				);
				GCC_WARN_64_TO_32_BIT_CONVERSION = YES;
				GCC_WARN_ABOUT_RETURN_TYPE = YES_ERROR;
				GCC_WARN_UNDECLARED_SELECTOR = YES;
				GCC_WARN_UNINITIALIZED_AUTOS = YES_AGGRESSIVE;
				GCC_WARN_UNUSED_FUNCTION = YES;
				GCC_WARN_UNUSED_VARIABLE = YES;
				IPHONEOS_DEPLOYMENT_TARGET = 17.0;
				LOCALIZATION_PREFERS_STRING_CATALOGS = YES;
				MTL_ENABLE_DEBUG_INFO = INCLUDE_SOURCE;
				MTL_FAST_MATH = YES;
				ONLY_ACTIVE_ARCH = YES;
				SDKROOT = iphoneos;
				SWIFT_ACTIVE_COMPILATION_CONDITIONS = "DEBUG $(inherited)";
				SWIFT_OPTIMIZATION_LEVEL = "-Onone";
			};
			name = Debug;
		};
		D22934C42AE0378B007FC1C1 /* Release */ = {
			isa = XCBuildConfiguration;
			buildSettings = {
				ALWAYS_SEARCH_USER_PATHS = NO;
				ASSETCATALOG_COMPILER_GENERATE_SWIFT_ASSET_SYMBOL_EXTENSIONS = YES;
				CLANG_ANALYZER_NONNULL = YES;
				CLANG_ANALYZER_NUMBER_OBJECT_CONVERSION = YES_AGGRESSIVE;
				CLANG_CXX_LANGUAGE_STANDARD = "gnu++20";
				CLANG_ENABLE_MODULES = YES;
				CLANG_ENABLE_OBJC_ARC = YES;
				CLANG_ENABLE_OBJC_WEAK = YES;
				CLANG_WARN_BLOCK_CAPTURE_AUTORELEASING = YES;
				CLANG_WARN_BOOL_CONVERSION = YES;
				CLANG_WARN_COMMA = YES;
				CLANG_WARN_CONSTANT_CONVERSION = YES;
				CLANG_WARN_DEPRECATED_OBJC_IMPLEMENTATIONS = YES;
				CLANG_WARN_DIRECT_OBJC_ISA_USAGE = YES_ERROR;
				CLANG_WARN_DOCUMENTATION_COMMENTS = YES;
				CLANG_WARN_EMPTY_BODY = YES;
				CLANG_WARN_ENUM_CONVERSION = YES;
				CLANG_WARN_INFINITE_RECURSION = YES;
				CLANG_WARN_INT_CONVERSION = YES;
				CLANG_WARN_NON_LITERAL_NULL_CONVERSION = YES;
				CLANG_WARN_OBJC_IMPLICIT_RETAIN_SELF = YES;
				CLANG_WARN_OBJC_LITERAL_CONVERSION = YES;
				CLANG_WARN_OBJC_ROOT_CLASS = YES_ERROR;
				CLANG_WARN_QUOTED_INCLUDE_IN_FRAMEWORK_HEADER = YES;
				CLANG_WARN_RANGE_LOOP_ANALYSIS = YES;
				CLANG_WARN_STRICT_PROTOTYPES = YES;
				CLANG_WARN_SUSPICIOUS_MOVE = YES;
				CLANG_WARN_UNGUARDED_AVAILABILITY = YES_AGGRESSIVE;
				CLANG_WARN_UNREACHABLE_CODE = YES;
				CLANG_WARN__DUPLICATE_METHOD_MATCH = YES;
				COPY_PHASE_STRIP = NO;
				DEBUG_INFORMATION_FORMAT = "dwarf-with-dsym";
				ENABLE_NS_ASSERTIONS = NO;
				ENABLE_STRICT_OBJC_MSGSEND = YES;
				ENABLE_USER_SCRIPT_SANDBOXING = YES;
				GCC_C_LANGUAGE_STANDARD = gnu17;
				GCC_NO_COMMON_BLOCKS = YES;
				GCC_WARN_64_TO_32_BIT_CONVERSION = YES;
				GCC_WARN_ABOUT_RETURN_TYPE = YES_ERROR;
				GCC_WARN_UNDECLARED_SELECTOR = YES;
				GCC_WARN_UNINITIALIZED_AUTOS = YES_AGGRESSIVE;
				GCC_WARN_UNUSED_FUNCTION = YES;
				GCC_WARN_UNUSED_VARIABLE = YES;
				IPHONEOS_DEPLOYMENT_TARGET = 17.0;
				LOCALIZATION_PREFERS_STRING_CATALOGS = YES;
				MTL_ENABLE_DEBUG_INFO = NO;
				MTL_FAST_MATH = YES;
				SDKROOT = iphoneos;
				SWIFT_COMPILATION_MODE = wholemodule;
				VALIDATE_PRODUCT = YES;
			};
			name = Release;
		};
		D22934C62AE0378B007FC1C1 /* Debug */ = {
			isa = XCBuildConfiguration;
			baseConfigurationReference = AC43A9EB5FD5200AEC66055D /* Pods-MessageHive.debug.xcconfig */;
			buildSettings = {
				ASSETCATALOG_COMPILER_APPICON_NAME = AppIcon;
				ASSETCATALOG_COMPILER_GLOBAL_ACCENT_COLOR_NAME = AccentColor;
				CODE_SIGN_STYLE = Automatic;
				CURRENT_PROJECT_VERSION = 1;
				DEVELOPMENT_TEAM = 9P2DNH3C2B;
				ENABLE_USER_SCRIPT_SANDBOXING = NO;
				EXCLUDED_ARCHS = arm64;
				GENERATE_INFOPLIST_FILE = YES;
				INFOPLIST_FILE = MessageHive/Info.plist;
				INFOPLIST_KEY_NSCameraUsageDescription = "Please allow access to take profile picture";
				INFOPLIST_KEY_NSPhotoLibraryAddUsageDescription = "Please allow access to select a photo for your profile";
				INFOPLIST_KEY_UIApplicationSupportsIndirectInputEvents = YES;
				INFOPLIST_KEY_UILaunchStoryboardName = LaunchScreen;
				INFOPLIST_KEY_UIMainStoryboardFile = Main;
				INFOPLIST_KEY_UISupportedInterfaceOrientations = UIInterfaceOrientationPortrait;
				INFOPLIST_KEY_UISupportedInterfaceOrientations_iPad = "UIInterfaceOrientationLandscapeLeft UIInterfaceOrientationLandscapeRight UIInterfaceOrientationPortrait";
				LD_RUNPATH_SEARCH_PATHS = (
					"$(inherited)",
					"@executable_path/Frameworks",
				);
				MARKETING_VERSION = 1.0;
				PRODUCT_BUNDLE_IDENTIFIER = me.singh.adarsh.MessageHive;
				PRODUCT_NAME = "$(TARGET_NAME)";
				SUPPORTED_PLATFORMS = "iphoneos iphonesimulator";
				SUPPORTS_MACCATALYST = NO;
				SUPPORTS_MAC_DESIGNED_FOR_IPHONE_IPAD = NO;
				SWIFT_EMIT_LOC_STRINGS = YES;
				SWIFT_VERSION = 5.0;
				TARGETED_DEVICE_FAMILY = "1,2";
			};
			name = Debug;
		};
		D22934C72AE0378B007FC1C1 /* Release */ = {
			isa = XCBuildConfiguration;
			baseConfigurationReference = 230BE3696265EED062076E74 /* Pods-MessageHive.release.xcconfig */;
			buildSettings = {
				ASSETCATALOG_COMPILER_APPICON_NAME = AppIcon;
				ASSETCATALOG_COMPILER_GLOBAL_ACCENT_COLOR_NAME = AccentColor;
				CODE_SIGN_STYLE = Automatic;
				CURRENT_PROJECT_VERSION = 1;
				DEVELOPMENT_TEAM = 9P2DNH3C2B;
				ENABLE_USER_SCRIPT_SANDBOXING = NO;
				EXCLUDED_ARCHS = arm64;
				GENERATE_INFOPLIST_FILE = YES;
				INFOPLIST_FILE = MessageHive/Info.plist;
				INFOPLIST_KEY_NSCameraUsageDescription = "Please allow access to take profile picture";
				INFOPLIST_KEY_NSPhotoLibraryAddUsageDescription = "Please allow access to select a photo for your profile";
				INFOPLIST_KEY_UIApplicationSupportsIndirectInputEvents = YES;
				INFOPLIST_KEY_UILaunchStoryboardName = LaunchScreen;
				INFOPLIST_KEY_UIMainStoryboardFile = Main;
				INFOPLIST_KEY_UISupportedInterfaceOrientations = UIInterfaceOrientationPortrait;
				INFOPLIST_KEY_UISupportedInterfaceOrientations_iPad = "UIInterfaceOrientationLandscapeLeft UIInterfaceOrientationLandscapeRight UIInterfaceOrientationPortrait";
				LD_RUNPATH_SEARCH_PATHS = (
					"$(inherited)",
					"@executable_path/Frameworks",
				);
				MARKETING_VERSION = 1.0;
				PRODUCT_BUNDLE_IDENTIFIER = me.singh.adarsh.MessageHive;
				PRODUCT_NAME = "$(TARGET_NAME)";
				SUPPORTED_PLATFORMS = "iphoneos iphonesimulator";
				SUPPORTS_MACCATALYST = NO;
				SUPPORTS_MAC_DESIGNED_FOR_IPHONE_IPAD = NO;
				SWIFT_EMIT_LOC_STRINGS = YES;
				SWIFT_VERSION = 5.0;
				TARGETED_DEVICE_FAMILY = "1,2";
			};
			name = Release;
		};
/* End XCBuildConfiguration section */

/* Begin XCConfigurationList section */
		D22934AC2AE03789007FC1C1 /* Build configuration list for PBXProject "MessageHive" */ = {
			isa = XCConfigurationList;
			buildConfigurations = (
				D22934C32AE0378B007FC1C1 /* Debug */,
				D22934C42AE0378B007FC1C1 /* Release */,
			);
			defaultConfigurationIsVisible = 0;
			defaultConfigurationName = Release;
		};
		D22934C52AE0378B007FC1C1 /* Build configuration list for PBXNativeTarget "MessageHive" */ = {
			isa = XCConfigurationList;
			buildConfigurations = (
				D22934C62AE0378B007FC1C1 /* Debug */,
				D22934C72AE0378B007FC1C1 /* Release */,
			);
			defaultConfigurationIsVisible = 0;
			defaultConfigurationName = Release;
		};
/* End XCConfigurationList section */

/* Begin XCRemoteSwiftPackageReference section */
		D2634BC82AE53AC6004D1DFB /* XCRemoteSwiftPackageReference "firebase-ios-sdk" */ = {
			isa = XCRemoteSwiftPackageReference;
			repositoryURL = "https://github.com/firebase/firebase-ios-sdk.git";
			requirement = {
				kind = upToNextMajorVersion;
				minimumVersion = 10.16.0;
			};
		};
		D2634BFF2AE53B1A004D1DFB /* XCRemoteSwiftPackageReference "GoogleSignIn-iOS" */ = {
			isa = XCRemoteSwiftPackageReference;
			repositoryURL = "https://github.com/google/GoogleSignIn-iOS";
			requirement = {
				kind = upToNextMajorVersion;
				minimumVersion = 7.0.0;
			};
		};
/* End XCRemoteSwiftPackageReference section */

/* Begin XCSwiftPackageProductDependency section */
		D2634BC92AE53AC6004D1DFB /* FirebaseAnalytics */ = {
			isa = XCSwiftPackageProductDependency;
			package = D2634BC82AE53AC6004D1DFB /* XCRemoteSwiftPackageReference "firebase-ios-sdk" */;
			productName = FirebaseAnalytics;
		};
		D2634BCB2AE53AC6004D1DFB /* FirebaseAnalyticsOnDeviceConversion */ = {
			isa = XCSwiftPackageProductDependency;
			package = D2634BC82AE53AC6004D1DFB /* XCRemoteSwiftPackageReference "firebase-ios-sdk" */;
			productName = FirebaseAnalyticsOnDeviceConversion;
		};
		D2634BCD2AE53AC6004D1DFB /* FirebaseAnalyticsSwift */ = {
			isa = XCSwiftPackageProductDependency;
			package = D2634BC82AE53AC6004D1DFB /* XCRemoteSwiftPackageReference "firebase-ios-sdk" */;
			productName = FirebaseAnalyticsSwift;
		};
		D2634BCF2AE53AC6004D1DFB /* FirebaseAnalyticsWithoutAdIdSupport */ = {
			isa = XCSwiftPackageProductDependency;
			package = D2634BC82AE53AC6004D1DFB /* XCRemoteSwiftPackageReference "firebase-ios-sdk" */;
			productName = FirebaseAnalyticsWithoutAdIdSupport;
		};
		D2634BD12AE53AC6004D1DFB /* FirebaseAppCheck */ = {
			isa = XCSwiftPackageProductDependency;
			package = D2634BC82AE53AC6004D1DFB /* XCRemoteSwiftPackageReference "firebase-ios-sdk" */;
			productName = FirebaseAppCheck;
		};
		D2634BD32AE53AC6004D1DFB /* FirebaseAppDistribution-Beta */ = {
			isa = XCSwiftPackageProductDependency;
			package = D2634BC82AE53AC6004D1DFB /* XCRemoteSwiftPackageReference "firebase-ios-sdk" */;
			productName = "FirebaseAppDistribution-Beta";
		};
		D2634BD52AE53AC6004D1DFB /* FirebaseAuth */ = {
			isa = XCSwiftPackageProductDependency;
			package = D2634BC82AE53AC6004D1DFB /* XCRemoteSwiftPackageReference "firebase-ios-sdk" */;
			productName = FirebaseAuth;
		};
		D2634BD72AE53AC6004D1DFB /* FirebaseAuthCombine-Community */ = {
			isa = XCSwiftPackageProductDependency;
			package = D2634BC82AE53AC6004D1DFB /* XCRemoteSwiftPackageReference "firebase-ios-sdk" */;
			productName = "FirebaseAuthCombine-Community";
		};
		D2634BD92AE53AC6004D1DFB /* FirebaseCrashlytics */ = {
			isa = XCSwiftPackageProductDependency;
			package = D2634BC82AE53AC6004D1DFB /* XCRemoteSwiftPackageReference "firebase-ios-sdk" */;
			productName = FirebaseCrashlytics;
		};
		D2634BDB2AE53AC6004D1DFB /* FirebaseDatabase */ = {
			isa = XCSwiftPackageProductDependency;
			package = D2634BC82AE53AC6004D1DFB /* XCRemoteSwiftPackageReference "firebase-ios-sdk" */;
			productName = FirebaseDatabase;
		};
		D2634BDD2AE53AC6004D1DFB /* FirebaseDatabaseSwift */ = {
			isa = XCSwiftPackageProductDependency;
			package = D2634BC82AE53AC6004D1DFB /* XCRemoteSwiftPackageReference "firebase-ios-sdk" */;
			productName = FirebaseDatabaseSwift;
		};
		D2634BDF2AE53AC6004D1DFB /* FirebaseDynamicLinks */ = {
			isa = XCSwiftPackageProductDependency;
			package = D2634BC82AE53AC6004D1DFB /* XCRemoteSwiftPackageReference "firebase-ios-sdk" */;
			productName = FirebaseDynamicLinks;
		};
		D2634BE12AE53AC6004D1DFB /* FirebaseFirestore */ = {
			isa = XCSwiftPackageProductDependency;
			package = D2634BC82AE53AC6004D1DFB /* XCRemoteSwiftPackageReference "firebase-ios-sdk" */;
			productName = FirebaseFirestore;
		};
		D2634BE32AE53AC6004D1DFB /* FirebaseFirestoreCombine-Community */ = {
			isa = XCSwiftPackageProductDependency;
			package = D2634BC82AE53AC6004D1DFB /* XCRemoteSwiftPackageReference "firebase-ios-sdk" */;
			productName = "FirebaseFirestoreCombine-Community";
		};
		D2634BE52AE53AC6004D1DFB /* FirebaseFirestoreSwift */ = {
			isa = XCSwiftPackageProductDependency;
			package = D2634BC82AE53AC6004D1DFB /* XCRemoteSwiftPackageReference "firebase-ios-sdk" */;
			productName = FirebaseFirestoreSwift;
		};
		D2634BE72AE53AC6004D1DFB /* FirebaseFunctions */ = {
			isa = XCSwiftPackageProductDependency;
			package = D2634BC82AE53AC6004D1DFB /* XCRemoteSwiftPackageReference "firebase-ios-sdk" */;
			productName = FirebaseFunctions;
		};
		D2634BE92AE53AC6004D1DFB /* FirebaseFunctionsCombine-Community */ = {
			isa = XCSwiftPackageProductDependency;
			package = D2634BC82AE53AC6004D1DFB /* XCRemoteSwiftPackageReference "firebase-ios-sdk" */;
			productName = "FirebaseFunctionsCombine-Community";
		};
		D2634BEB2AE53AC6004D1DFB /* FirebaseInAppMessaging-Beta */ = {
			isa = XCSwiftPackageProductDependency;
			package = D2634BC82AE53AC6004D1DFB /* XCRemoteSwiftPackageReference "firebase-ios-sdk" */;
			productName = "FirebaseInAppMessaging-Beta";
		};
		D2634BED2AE53AC6004D1DFB /* FirebaseInAppMessagingSwift-Beta */ = {
			isa = XCSwiftPackageProductDependency;
			package = D2634BC82AE53AC6004D1DFB /* XCRemoteSwiftPackageReference "firebase-ios-sdk" */;
			productName = "FirebaseInAppMessagingSwift-Beta";
		};
		D2634BEF2AE53AC6004D1DFB /* FirebaseInstallations */ = {
			isa = XCSwiftPackageProductDependency;
			package = D2634BC82AE53AC6004D1DFB /* XCRemoteSwiftPackageReference "firebase-ios-sdk" */;
			productName = FirebaseInstallations;
		};
		D2634BF12AE53AC6004D1DFB /* FirebaseMLModelDownloader */ = {
			isa = XCSwiftPackageProductDependency;
			package = D2634BC82AE53AC6004D1DFB /* XCRemoteSwiftPackageReference "firebase-ios-sdk" */;
			productName = FirebaseMLModelDownloader;
		};
		D2634BF32AE53AC6004D1DFB /* FirebaseMessaging */ = {
			isa = XCSwiftPackageProductDependency;
			package = D2634BC82AE53AC6004D1DFB /* XCRemoteSwiftPackageReference "firebase-ios-sdk" */;
			productName = FirebaseMessaging;
		};
		D2634BF52AE53AC6004D1DFB /* FirebasePerformance */ = {
			isa = XCSwiftPackageProductDependency;
			package = D2634BC82AE53AC6004D1DFB /* XCRemoteSwiftPackageReference "firebase-ios-sdk" */;
			productName = FirebasePerformance;
		};
		D2634BF72AE53AC6004D1DFB /* FirebaseRemoteConfig */ = {
			isa = XCSwiftPackageProductDependency;
			package = D2634BC82AE53AC6004D1DFB /* XCRemoteSwiftPackageReference "firebase-ios-sdk" */;
			productName = FirebaseRemoteConfig;
		};
		D2634BF92AE53AC6004D1DFB /* FirebaseRemoteConfigSwift */ = {
			isa = XCSwiftPackageProductDependency;
			package = D2634BC82AE53AC6004D1DFB /* XCRemoteSwiftPackageReference "firebase-ios-sdk" */;
			productName = FirebaseRemoteConfigSwift;
		};
		D2634BFB2AE53AC6004D1DFB /* FirebaseStorage */ = {
			isa = XCSwiftPackageProductDependency;
			package = D2634BC82AE53AC6004D1DFB /* XCRemoteSwiftPackageReference "firebase-ios-sdk" */;
			productName = FirebaseStorage;
		};
		D2634BFD2AE53AC6004D1DFB /* FirebaseStorageCombine-Community */ = {
			isa = XCSwiftPackageProductDependency;
			package = D2634BC82AE53AC6004D1DFB /* XCRemoteSwiftPackageReference "firebase-ios-sdk" */;
			productName = "FirebaseStorageCombine-Community";
		};
		D2634C002AE53B1A004D1DFB /* GoogleSignIn */ = {
			isa = XCSwiftPackageProductDependency;
			package = D2634BFF2AE53B1A004D1DFB /* XCRemoteSwiftPackageReference "GoogleSignIn-iOS" */;
			productName = GoogleSignIn;
		};
		D2634C022AE53B1A004D1DFB /* GoogleSignInSwift */ = {
			isa = XCSwiftPackageProductDependency;
			package = D2634BFF2AE53B1A004D1DFB /* XCRemoteSwiftPackageReference "GoogleSignIn-iOS" */;
			productName = GoogleSignInSwift;
		};
/* End XCSwiftPackageProductDependency section */
	};
	rootObject = D22934A92AE03789007FC1C1 /* Project object */;
}
